
Microsoft Visual Studio Solution File, Format Version 12.00
# Visual Studio Version 17
VisualStudioVersion = 17.14.36221.1 d17.14
MinimumVisualStudioVersion = 10.0.40219.1
Project("{FAE04EC0-301F-11D3-BF4B-00C04F79EFBC}") = "ModBus", "ModBus.csproj", "{AF95A015-2CA9-41A2-B892-12CCA759B876}"
EndProject
Global
	GlobalSection(SolutionConfigurationPlatforms) = preSolution
		Debug|Any CPU = Debug|Any CPU
		Release|Any CPU = Release|Any CPU
	EndGlobalSection
	GlobalSection(ProjectConfigurationPlatforms) = postSolution
		{AF95A015-2CA9-41A2-B892-12CCA759B876}.Debug|Any CPU.ActiveCfg = Debug|Any CPU
		{AF95A015-2CA9-41A2-B892-12CCA759B876}.Debug|Any CPU.Build.0 = Debug|Any CPU
		{AF95A015-2CA9-41A2-B892-12CCA759B876}.Release|Any CPU.ActiveCfg = Release|Any CPU
		{AF95A015-2CA9-41A2-B892-12CCA759B876}.Release|Any CPU.Build.0 = Release|Any CPU
	EndGlobalSection
	GlobalSection(SolutionProperties) = preSolution
		HideSolutionNode = FALSE
	EndGlobalSection
	GlobalSection(ExtensibilityGlobals) = postSolution
		SolutionGuid = {BE79BE13-5BAD-46D5-B95B-AE18E0C6F53A}
	EndGlobalSection
EndGlobal
